
Microsoft Visual Studio Solution File, Format Version 12.00
# Visual Studio Version 16
VisualStudioVersion = 16.0.30804.86
MinimumVisualStudioVersion = 10.0.40219.1
Project("{FAE04EC0-301F-11D3-BF4B-00C04F79EFBC}") = "Freecam", "Freecam.csproj", "{FD2D8CF2-DFE6-456D-8921-B6798EE3161D}"
EndProject
Global
	GlobalSection(SolutionConfigurationPlatforms) = preSolution
		Debug|Any CPU = Debug|Any CPU
		Release|Any CPU = Release|Any CPU
	EndGlobalSection
	GlobalSection(ProjectConfigurationPlatforms) = postSolution
		{FD2D8CF2-DFE6-456D-8921-B6798EE3161D}.Debug|Any CPU.ActiveCfg = Debug|Any CPU
		{FD2D8CF2-DFE6-456D-8921-B6798EE3161D}.Debug|Any CPU.Build.0 = Debug|Any CPU
		{FD2D8CF2-DFE6-456D-8921-B6798EE3161D}.Release|Any CPU.ActiveCfg = Release|Any CPU
		{FD2D8CF2-DFE6-456D-8921-B6798EE3161D}.Release|Any CPU.Build.0 = Release|Any CPU
	EndGlobalSection
	GlobalSection(SolutionProperties) = preSolution
		HideSolutionNode = FALSE
	EndGlobalSection
	GlobalSection(ExtensibilityGlobals) = postSolution
		SolutionGuid = {55A7C345-4A77-4411-9966-818EA1FBBEC4}
	EndGlobalSection
EndGlobal
